// !$*UTF8*$!
{
	archiveVersion = 1;
	classes = {
	};
	objectVersion = 77;
	objects = {

/* Begin PBXBuildFile section */
		C1D0F2A02DA86AA100D05400 /* Preview Assets.xcassets in Resources */ = {isa = PBXBuildFile; fileRef = C1D0F2992DA86AA100D05400 /* Preview Assets.xcassets */; };
		C1D0F2A12DA86AA100D05400 /* Assets.xcassets in Resources */ = {isa = PBXBuildFile; fileRef = C1D0F29B2DA86AA100D05400 /* Assets.xcassets */; };
		C1D0F2A22DA86AA100D05400 /* ContentView.swift in Sources */ = {isa = PBXBuildFile; fileRef = C1D0F29C2DA86AA100D05400 /* ContentView.swift */; };
		C1D0F2A32DA86AA100D05400 /* WordFlipFinalApp.swift in Sources */ = {isa = PBXBuildFile; fileRef = C1D0F29E2DA86AA100D05400 /* WordFlipFinalApp.swift */; };
/* End PBXBuildFile section */

/* Begin PBXFileReference section */
		C1D0F2872DA86A9900D05400 /* WordFlipFinal.app */ = {isa = PBXFileReference; explicitFileType = wrapper.application; includeInIndex = 0; path = WordFlipFinal.app; sourceTree = BUILT_PRODUCTS_DIR; };
		C1D0F2992DA86AA100D05400 /* Preview Assets.xcassets */ = {isa = PBXFileReference; lastKnownFileType = folder.assetcatalog; path = "Preview Assets.xcassets"; sourceTree = "<group>"; };
		C1D0F29B2DA86AA100D05400 /* Assets.xcassets */ = {isa = PBXFileReference; lastKnownFileType = folder.assetcatalog; path = Assets.xcassets; sourceTree = "<group>"; };
		C1D0F29C2DA86AA100D05400 /* ContentView.swift */ = {isa = PBXFileReference; lastKnownFileType = sourcecode.swift; path = ContentView.swift; sourceTree = "<group>"; };
		C1D0F29D2DA86AA100D05400 /* WordFlipFinal.entitlements */ = {isa = PBXFileReference; lastKnownFileType = text.plist.entitlements; path = WordFlipFinal.entitlements; sourceTree = "<group>"; };
		C1D0F29E2DA86AA100D05400 /* WordFlipFinalApp.swift */ = {isa = PBXFileReference; lastKnownFileType = sourcecode.swift; path = WordFlipFinalApp.swift; sourceTree = "<group>"; };
/* End PBXFileReference section */

/* Begin PBXFrameworksBuildPhase section */
		C1D0F2842DA86A9900D05400 /* Frameworks */ = {
			isa = PBXFrameworksBuildPhase;
			buildActionMask = 2147483647;
			files = (
			);
			runOnlyForDeploymentPostprocessing = 0;
		};
/* End PBXFrameworksBuildPhase section */

/* Begin PBXGroup section */
		C1D0F27E2DA86A9900D05400 = {
			isa = PBXGroup;
			children = (
				C1D0F29F2DA86AA100D05400 /* WordFlipFinal */,
				C1D0F2882DA86A9900D05400 /* Products */,
			);
			sourceTree = "<group>";
		};
		C1D0F2882DA86A9900D05400 /* Products */ = {
			isa = PBXGroup;
			children = (
				C1D0F2872DA86A9900D05400 /* WordFlipFinal.app */,
			);
			name = Products;
			sourceTree = "<group>";
		};
		C1D0F29A2DA86AA100D05400 /* Preview Content */ = {
			isa = PBXGroup;
			children = (
				C1D0F29B2DA86AA100D05400 /* Assets.xcassets */,
				C1D0F2992DA86AA100D05400 /* Preview Assets.xcassets */,
			);
			path = "Preview Content";
			sourceTree = "<group>";
		};
		C1D0F29F2DA86AA100D05400 /* WordFlipFinal */ = {
			isa = PBXGroup;
			children = (
				C1D0F29E2DA86AA100D05400 /* WordFlipFinalApp.swift */,
				C1D0F29D2DA86AA100D05400 /* WordFlipFinal.entitlements */,
				C1D0F2A42DA86AA400D05400 /* Models */,
				C1D0F2A52DA86AB600D05400 /* Functions */,
				C1D0F2A62DA86ABD00D05400 /* Views */,
				C1D0F29A2DA86AA100D05400 /* Preview Content */,
			);
			path = WordFlipFinal;
			sourceTree = "<group>";
		};
		C1D0F2A42DA86AA400D05400 /* Models */ = {
			isa = PBXGroup;
			children = (
			);
			path = Models;
			sourceTree = "<group>";
		};
		C1D0F2A52DA86AB600D05400 /* Functions */ = {
			isa = PBXGroup;
			children = (
			);
			path = Functions;
			sourceTree = "<group>";
		};
		C1D0F2A62DA86ABD00D05400 /* Views */ = {
			isa = PBXGroup;
			children = (
				C1D0F29C2DA86AA100D05400 /* ContentView.swift */,
			);
			path = Views;
			sourceTree = "<group>";
		};
/* End PBXGroup section */

/* Begin PBXNativeTarget section */
		C1D0F2862DA86A9900D05400 /* WordFlipFinal */ = {
			isa = PBXNativeTarget;
			buildConfigurationList = C1D0F2962DA86A9C00D05400 /* Build configuration list for PBXNativeTarget "WordFlipFinal" */;
			buildPhases = (
				C1D0F2832DA86A9900D05400 /* Sources */,
				C1D0F2842DA86A9900D05400 /* Frameworks */,
				C1D0F2852DA86A9900D05400 /* Resources */,
			);
			buildRules = (
			);
			dependencies = (
			);
			name = WordFlipFinal;
			packageProductDependencies = (
			);
			productName = WordFlipFinal;
			productReference = C1D0F2872DA86A9900D05400 /* WordFlipFinal.app */;
			productType = "com.apple.product-type.application";
		};
/* End PBXNativeTarget section */

/* Begin PBXProject section */
		C1D0F27F2DA86A9900D05400 /* Project object */ = {
			isa = PBXProject;
			attributes = {
				BuildIndependentTargetsInParallel = 1;
				LastSwiftUpdateCheck = 1600;
				LastUpgradeCheck = 1600;
				TargetAttributes = {
					C1D0F2862DA86A9900D05400 = {
						CreatedOnToolsVersion = 16.0;
					};
				};
			};
			buildConfigurationList = C1D0F2822DA86A9900D05400 /* Build configuration list for PBXProject "WordFlipFinal" */;
			developmentRegion = en;
			hasScannedForEncodings = 0;
			knownRegions = (
				en,
				Base,
			);
			mainGroup = C1D0F27E2DA86A9900D05400;
			minimizedProjectReferenceProxies = 1;
			preferredProjectObjectVersion = 77;
			productRefGroup = C1D0F2882DA86A9900D05400 /* Products */;
			projectDirPath = "";
			projectRoot = "";
			targets = (
				C1D0F2862DA86A9900D05400 /* WordFlipFinal */,
			);
		};
/* End PBXProject section */

/* Begin PBXResourcesBuildPhase section */
		C1D0F2852DA86A9900D05400 /* Resources */ = {
			isa = PBXResourcesBuildPhase;
			buildActionMask = 2147483647;
			files = (
				C1D0F2A02DA86AA100D05400 /* Preview Assets.xcassets in Resources */,
				C1D0F2A12DA86AA100D05400 /* Assets.xcassets in Resources */,
			);
			runOnlyForDeploymentPostprocessing = 0;
		};
/* End PBXResourcesBuildPhase section */

/* Begin PBXSourcesBuildPhase section */
		C1D0F2832DA86A9900D05400 /* Sources */ = {
			isa = PBXSourcesBuildPhase;
			buildActionMask = 2147483647;
			files = (
				C1D0F2A22DA86AA100D05400 /* ContentView.swift in Sources */,
				C1D0F2A32DA86AA100D05400 /* WordFlipFinalApp.swift in Sources */,
			);
			runOnlyForDeploymentPostprocessing = 0;
		};
/* End PBXSourcesBuildPhase section */

/* Begin XCBuildConfiguration section */
		C1D0F2942DA86A9C00D05400 /* Debug */ = {
			isa = XCBuildConfiguration;
			buildSettings = {
				ALWAYS_SEARCH_USER_PATHS = NO;
				ASSETCATALOG_COMPILER_GENERATE_SWIFT_ASSET_SYMBOL_EXTENSIONS = YES;
				CLANG_ANALYZER_NONNULL = YES;
				CLANG_ANALYZER_NUMBER_OBJECT_CONVERSION = YES_AGGRESSIVE;
				CLANG_CXX_LANGUAGE_STANDARD = "gnu++20";
				CLANG_ENABLE_MODULES = YES;
				CLANG_ENABLE_OBJC_ARC = YES;
				CLANG_ENABLE_OBJC_WEAK = YES;
				CLANG_WARN_BLOCK_CAPTURE_AUTORELEASING = YES;
				CLANG_WARN_BOOL_CONVERSION = YES;
				CLANG_WARN_COMMA = YES;
				CLANG_WARN_CONSTANT_CONVERSION = YES;
				CLANG_WARN_DEPRECATED_OBJC_IMPLEMENTATIONS = YES;
				CLANG_WARN_DIRECT_OBJC_ISA_USAGE = YES_ERROR;
				CLANG_WARN_DOCUMENTATION_COMMENTS = YES;
				CLANG_WARN_EMPTY_BODY = YES;
				CLANG_WARN_ENUM_CONVERSION = YES;
				CLANG_WARN_INFINITE_RECURSION = YES;
				CLANG_WARN_INT_CONVERSION = YES;
				CLANG_WARN_NON_LITERAL_NULL_CONVERSION = YES;
				CLANG_WARN_OBJC_IMPLICIT_RETAIN_SELF = YES;
				CLANG_WARN_OBJC_LITERAL_CONVERSION = YES;
				CLANG_WARN_OBJC_ROOT_CLASS = YES_ERROR;
				CLANG_WARN_QUOTED_INCLUDE_IN_FRAMEWORK_HEADER = YES;
				CLANG_WARN_RANGE_LOOP_ANALYSIS = YES;
				CLANG_WARN_STRICT_PROTOTYPES = YES;
				CLANG_WARN_SUSPICIOUS_MOVE = YES;
				CLANG_WARN_UNGUARDED_AVAILABILITY = YES_AGGRESSIVE;
				CLANG_WARN_UNREACHABLE_CODE = YES;
				CLANG_WARN__DUPLICATE_METHOD_MATCH = YES;
				COPY_PHASE_STRIP = NO;
				DEBUG_INFORMATION_FORMAT = dwarf;
				ENABLE_STRICT_OBJC_MSGSEND = YES;
				ENABLE_TESTABILITY = YES;
				ENABLE_USER_SCRIPT_SANDBOXING = YES;
				GCC_C_LANGUAGE_STANDARD = gnu17;
				GCC_DYNAMIC_NO_PIC = NO;
				GCC_NO_COMMON_BLOCKS = YES;
				GCC_OPTIMIZATION_LEVEL = 0;
				GCC_PREPROCESSOR_DEFINITIONS = (
					"DEBUG=1",
					"$(inherited)",
				);
				GCC_WARN_64_TO_32_BIT_CONVERSION = YES;
				GCC_WARN_ABOUT_RETURN_TYPE = YES_ERROR;
				GCC_WARN_UNDECLARED_SELECTOR = YES;
				GCC_WARN_UNINITIALIZED_AUTOS = YES_AGGRESSIVE;
				GCC_WARN_UNUSED_FUNCTION = YES;
				GCC_WARN_UNUSED_VARIABLE = YES;
				LOCALIZATION_PREFERS_STRING_CATALOGS = YES;
				MACOSX_DEPLOYMENT_TARGET = 14.7;
				MTL_ENABLE_DEBUG_INFO = INCLUDE_SOURCE;
				MTL_FAST_MATH = YES;
				ONLY_ACTIVE_ARCH = YES;
				SDKROOT = macosx;
				SWIFT_ACTIVE_COMPILATION_CONDITIONS = "DEBUG $(inherited)";
				SWIFT_OPTIMIZATION_LEVEL = "-Onone";
			};
			name = Debug;
		};
		C1D0F2952DA86A9C00D05400 /* Release */ = {
			isa = XCBuildConfiguration;
			buildSettings = {
				ALWAYS_SEARCH_USER_PATHS = NO;
				ASSETCATALOG_COMPILER_GENERATE_SWIFT_ASSET_SYMBOL_EXTENSIONS = YES;
				CLANG_ANALYZER_NONNULL = YES;
				CLANG_ANALYZER_NUMBER_OBJECT_CONVERSION = YES_AGGRESSIVE;
				CLANG_CXX_LANGUAGE_STANDARD = "gnu++20";
				CLANG_ENABLE_MODULES = YES;
				CLANG_ENABLE_OBJC_ARC = YES;
				CLANG_ENABLE_OBJC_WEAK = YES;
				CLANG_WARN_BLOCK_CAPTURE_AUTORELEASING = YES;
				CLANG_WARN_BOOL_CONVERSION = YES;
				CLANG_WARN_COMMA = YES;
				CLANG_WARN_CONSTANT_CONVERSION = YES;
				CLANG_WARN_DEPRECATED_OBJC_IMPLEMENTATIONS = YES;
				CLANG_WARN_DIRECT_OBJC_ISA_USAGE = YES_ERROR;
				CLANG_WARN_DOCUMENTATION_COMMENTS = YES;
				CLANG_WARN_EMPTY_BODY = YES;
				CLANG_WARN_ENUM_CONVERSION = YES;
				CLANG_WARN_INFINITE_RECURSION = YES;
				CLANG_WARN_INT_CONVERSION = YES;
				CLANG_WARN_NON_LITERAL_NULL_CONVERSION = YES;
				CLANG_WARN_OBJC_IMPLICIT_RETAIN_SELF = YES;
				CLANG_WARN_OBJC_LITERAL_CONVERSION = YES;
				CLANG_WARN_OBJC_ROOT_CLASS = YES_ERROR;
				CLANG_WARN_QUOTED_INCLUDE_IN_FRAMEWORK_HEADER = YES;
				CLANG_WARN_RANGE_LOOP_ANALYSIS = YES;
				CLANG_WARN_STRICT_PROTOTYPES = YES;
				CLANG_WARN_SUSPICIOUS_MOVE = YES;
				CLANG_WARN_UNGUARDED_AVAILABILITY = YES_AGGRESSIVE;
				CLANG_WARN_UNREACHABLE_CODE = YES;
				CLANG_WARN__DUPLICATE_METHOD_MATCH = YES;
				COPY_PHASE_STRIP = NO;
				DEBUG_INFORMATION_FORMAT = "dwarf-with-dsym";
				ENABLE_NS_ASSERTIONS = NO;
				ENABLE_STRICT_OBJC_MSGSEND = YES;
				ENABLE_USER_SCRIPT_SANDBOXING = YES;
				GCC_C_LANGUAGE_STANDARD = gnu17;
				GCC_NO_COMMON_BLOCKS = YES;
				GCC_WARN_64_TO_32_BIT_CONVERSION = YES;
				GCC_WARN_ABOUT_RETURN_TYPE = YES_ERROR;
				GCC_WARN_UNDECLARED_SELECTOR = YES;
				GCC_WARN_UNINITIALIZED_AUTOS = YES_AGGRESSIVE;
				GCC_WARN_UNUSED_FUNCTION = YES;
				GCC_WARN_UNUSED_VARIABLE = YES;
				LOCALIZATION_PREFERS_STRING_CATALOGS = YES;
				MACOSX_DEPLOYMENT_TARGET = 14.7;
				MTL_ENABLE_DEBUG_INFO = NO;
				MTL_FAST_MATH = YES;
				SDKROOT = macosx;
				SWIFT_COMPILATION_MODE = wholemodule;
			};
			name = Release;
		};
		C1D0F2972DA86A9C00D05400 /* Debug */ = {
			isa = XCBuildConfiguration;
			buildSettings = {
				ASSETCATALOG_COMPILER_APPICON_NAME = AppIcon;
				ASSETCATALOG_COMPILER_GLOBAL_ACCENT_COLOR_NAME = AccentColor;
				CODE_SIGN_ENTITLEMENTS = WordFlipFinal/WordFlipFinal.entitlements;
				CODE_SIGN_STYLE = Automatic;
				COMBINE_HIDPI_IMAGES = YES;
				CURRENT_PROJECT_VERSION = 1;
				DEVELOPMENT_ASSET_PATHS = "\"WordFlipFinal/Preview Content\"";
				DEVELOPMENT_TEAM = 5PWMQSWZ4U;
				ENABLE_HARDENED_RUNTIME = YES;
				ENABLE_PREVIEWS = YES;
				GENERATE_INFOPLIST_FILE = YES;
				INFOPLIST_KEY_NSHumanReadableCopyright = "";
				LD_RUNPATH_SEARCH_PATHS = (
					"$(inherited)",
					"@executable_path/../Frameworks",
				);
				MARKETING_VERSION = 1.0;
				PRODUCT_BUNDLE_IDENTIFIER = ca.DanikaPeet.WordFlipFinal;
				PRODUCT_NAME = "$(TARGET_NAME)";
				SWIFT_EMIT_LOC_STRINGS = YES;
				SWIFT_VERSION = 5.0;
			};
			name = Debug;
		};
		C1D0F2982DA86A9C00D05400 /* Release */ = {
			isa = XCBuildConfiguration;
			buildSettings = {
				ASSETCATALOG_COMPILER_APPICON_NAME = AppIcon;
				ASSETCATALOG_COMPILER_GLOBAL_ACCENT_COLOR_NAME = AccentColor;
				CODE_SIGN_ENTITLEMENTS = WordFlipFinal/WordFlipFinal.entitlements;
				CODE_SIGN_STYLE = Automatic;
				COMBINE_HIDPI_IMAGES = YES;
				CURRENT_PROJECT_VERSION = 1;
				DEVELOPMENT_ASSET_PATHS = "\"WordFlipFinal/Preview Content\"";
				DEVELOPMENT_TEAM = 5PWMQSWZ4U;
				ENABLE_HARDENED_RUNTIME = YES;
				ENABLE_PREVIEWS = YES;
				GENERATE_INFOPLIST_FILE = YES;
				INFOPLIST_KEY_NSHumanReadableCopyright = "";
				LD_RUNPATH_SEARCH_PATHS = (
					"$(inherited)",
					"@executable_path/../Frameworks",
				);
				MARKETING_VERSION = 1.0;
				PRODUCT_BUNDLE_IDENTIFIER = ca.DanikaPeet.WordFlipFinal;
				PRODUCT_NAME = "$(TARGET_NAME)";
				SWIFT_EMIT_LOC_STRINGS = YES;
				SWIFT_VERSION = 5.0;
			};
			name = Release;
		};
/* End XCBuildConfiguration section */

/* Begin XCConfigurationList section */
		C1D0F2822DA86A9900D05400 /* Build configuration list for PBXProject "WordFlipFinal" */ = {
			isa = XCConfigurationList;
			buildConfigurations = (
				C1D0F2942DA86A9C00D05400 /* Debug */,
				C1D0F2952DA86A9C00D05400 /* Release */,
			);
			defaultConfigurationIsVisible = 0;
			defaultConfigurationName = Release;
		};
		C1D0F2962DA86A9C00D05400 /* Build configuration list for PBXNativeTarget "WordFlipFinal" */ = {
			isa = XCConfigurationList;
			buildConfigurations = (
				C1D0F2972DA86A9C00D05400 /* Debug */,
				C1D0F2982DA86A9C00D05400 /* Release */,
			);
			defaultConfigurationIsVisible = 0;
			defaultConfigurationName = Release;
		};
/* End XCConfigurationList section */
	};
	rootObject = C1D0F27F2DA86A9900D05400 /* Project object */;
}
